PODS:
  - FDFullscreenPopGesture (1.1)
  - MJRefresh (3.4.3)
  - ZFPlayer (4.0.2):
    - ZFPlayer/AVPlayer (= 4.0.2)
    - ZFPlayer/ControlView (= 4.0.2)
    - ZFPlayer/Core (= 4.0.2)
    - ZFPlayer/ijkplayer (= 4.0.2)
  - ZFPlayer/AVPlayer (4.0.2):
    - ZFPlayer/Core
  - ZFPlayer/ControlView (4.0.2):
    - ZFPlayer/Core
  - ZFPlayer/Core (4.0.2)
  - ZFPlayer/ijkplayer (4.0.2):
    - ZFPlayer/Core

DEPENDENCIES:
  - FDFullscreenPopGesture
  - MJRefresh
  - ZFPlayer (from `../`)

SPEC REPOS:
  https://github.com/CocoaPods/Specs.git:
    - FDFullscreenPopGesture
    - MJRefresh

EXTERNAL SOURCES:
  ZFPlayer:
    :path: "../"

SPEC CHECKSUMS:
  FDFullscreenPopGesture: a8a620179e3d9c40e8e00256dcee1c1a27c6d0f0
  MJRefresh: 53e3e3219f204425ee6d3e62e8733d3295944cd6
  ZFPlayer: f2a81c41ae8dfded13d30aa42e3d40f11cdf3bb4

PODFILE CHECKSUM: a3fcbbaf309343c1c9575737d409bf95b447eef9

COCOAPODS: 1.9.3
